// !$*UTF8*$!
{
	archiveVersion = 1;
	classes = {
	};
	objectVersion = 56;
	objects = {

/* Begin PBXBuildFile section */
		C802D5192BF0D1DC00900D07 /* edit.swift in Sources */ = {isa = PBXBuildFile; fileRef = C802D5182BF0D1DC00900D07 /* edit.swift */; };
		C802D51E2BF0D55600900D07 /* mainview.swift in Sources */ = {isa = PBXBuildFile; fileRef = C802D51D2BF0D55600900D07 /* mainview.swift */; };
		C802D5212BF0D60700900D07 /* addPeople.swift in Sources */ = {isa = PBXBuildFile; fileRef = C802D5202BF0D60700900D07 /* addPeople.swift */; };
		C802D5242BF0DB1E00900D07 /* bellview.swift in Sources */ = {isa = PBXBuildFile; fileRef = C802D5232BF0DB1E00900D07 /* bellview.swift */; };
		C802D5432BF0F0B500900D07 /* forgetpassword.swift in Sources */ = {isa = PBXBuildFile; fileRef = C802D5422BF0F0B500900D07 /* forgetpassword.swift */; };
		C802D5452BF1130700900D07 /* restpass.swift in Sources */ = {isa = PBXBuildFile; fileRef = C802D5442BF1130700900D07 /* restpass.swift */; };
		C802D5492BF11C0C00900D07 /* GoogleService-Info.plist in Resources */ = {isa = PBXBuildFile; fileRef = C802D5482BF11C0C00900D07 /* GoogleService-Info.plist */; };
		C8036D802BD316D300FB01F1 /* SQLite in Frameworks */ = {isa = PBXBuildFile; productRef = C8036D7F2BD316D300FB01F1 /* SQLite */; };
		C8036D822BD3171000FB01F1 /* sql.swift in Sources */ = {isa = PBXBuildFile; fileRef = C8036D812BD3171000FB01F1 /* sql.swift */; };
		C82001E02BCD0F5F0039C4D6 /* home.swift in Sources */ = {isa = PBXBuildFile; fileRef = C82001DF2BCD0F5F0039C4D6 /* home.swift */; };
		C82001E22BCD0F750039C4D6 /* secound.swift in Sources */ = {isa = PBXBuildFile; fileRef = C82001E12BCD0F750039C4D6 /* secound.swift */; };
		C82880CA2BBEC1A500D37E02 /* AccountsBookSApp.swift in Sources */ = {isa = PBXBuildFile; fileRef = C82880C92BBEC1A500D37E02 /* AccountsBookSApp.swift */; };
		C82880CC2BBEC1A500D37E02 /* ContentView.swift in Sources */ = {isa = PBXBuildFile; fileRef = C82880CB2BBEC1A500D37E02 /* ContentView.swift */; };
		C82880CE2BBEC1A600D37E02 /* Assets.xcassets in Resources */ = {isa = PBXBuildFile; fileRef = C82880CD2BBEC1A600D37E02 /* Assets.xcassets */; };
		C82880D12BBEC1A600D37E02 /* Preview Assets.xcassets in Resources */ = {isa = PBXBuildFile; fileRef = C82880D02BBEC1A600D37E02 /* Preview Assets.xcassets */; };
		C82880DA2BBEC1F600D37E02 /* logIN.swift in Sources */ = {isa = PBXBuildFile; fileRef = C82880D92BBEC1F600D37E02 /* logIN.swift */; };
		C82880DC2BBEC20100D37E02 /* createAccount.swift in Sources */ = {isa = PBXBuildFile; fileRef = C82880DB2BBEC20100D37E02 /* createAccount.swift */; };
		C82880DE2BBEC21000D37E02 /* Profile.swift in Sources */ = {isa = PBXBuildFile; fileRef = C82880DD2BBEC21000D37E02 /* Profile.swift */; };
		C82880E12BBEC23500D37E02 /* user.swift in Sources */ = {isa = PBXBuildFile; fileRef = C82880E02BBEC23500D37E02 /* user.swift */; };
		C82880E42BBEC25D00D37E02 /* icon.swift in Sources */ = {isa = PBXBuildFile; fileRef = C82880E32BBEC25D00D37E02 /* icon.swift */; };
		C82880E62BBEC27100D37E02 /* SittingLabels.swift in Sources */ = {isa = PBXBuildFile; fileRef = C82880E52BBEC27100D37E02 /* SittingLabels.swift */; };
		C82880E82BBEC27C00D37E02 /* TextInput.swift in Sources */ = {isa = PBXBuildFile; fileRef = C82880E72BBEC27C00D37E02 /* TextInput.swift */; };
		C82880EB2BBEC2DF00D37E02 /* Authuntication.swift in Sources */ = {isa = PBXBuildFile; fileRef = C82880EA2BBEC2DF00D37E02 /* Authuntication.swift */; };
		C82880F02BBECA9500D37E02 /* FirebaseAnalytics in Frameworks */ = {isa = PBXBuildFile; productRef = C82880EF2BBECA9500D37E02 /* FirebaseAnalytics */; };
		C82880F22BBECA9500D37E02 /* FirebaseAnalyticsSwift in Frameworks */ = {isa = PBXBuildFile; productRef = C82880F12BBECA9500D37E02 /* FirebaseAnalyticsSwift */; };
		C82880F42BBECA9500D37E02 /* FirebaseAppCheck in Frameworks */ = {isa = PBXBuildFile; productRef = C82880F32BBECA9500D37E02 /* FirebaseAppCheck */; };
		C82880F62BBECA9500D37E02 /* FirebaseAuth in Frameworks */ = {isa = PBXBuildFile; productRef = C82880F52BBECA9500D37E02 /* FirebaseAuth */; };
		C82880F82BBECA9500D37E02 /* FirebaseDatabase in Frameworks */ = {isa = PBXBuildFile; productRef = C82880F72BBECA9500D37E02 /* FirebaseDatabase */; };
		C82880FA2BBECA9500D37E02 /* FirebaseDatabaseSwift in Frameworks */ = {isa = PBXBuildFile; productRef = C82880F92BBECA9500D37E02 /* FirebaseDatabaseSwift */; };
		C82880FC2BBECA9500D37E02 /* FirebaseFirestore in Frameworks */ = {isa = PBXBuildFile; productRef = C82880FB2BBECA9500D37E02 /* FirebaseFirestore */; };
		C82880FE2BBECA9500D37E02 /* FirebaseFirestoreSwift in Frameworks */ = {isa = PBXBuildFile; productRef = C82880FD2BBECA9500D37E02 /* FirebaseFirestoreSwift */; };
		C82881002BBECA9500D37E02 /* FirebaseStorage in Frameworks */ = {isa = PBXBuildFile; productRef = C82880FF2BBECA9500D37E02 /* FirebaseStorage */; };
/* End PBXBuildFile section */

/* Begin PBXFileReference section */
		C802D5182BF0D1DC00900D07 /* edit.swift */ = {isa = PBXFileReference; lastKnownFileType = sourcecode.swift; path = edit.swift; sourceTree = "<group>"; };
		C802D51D2BF0D55600900D07 /* mainview.swift */ = {isa = PBXFileReference; lastKnownFileType = sourcecode.swift; path = mainview.swift; sourceTree = "<group>"; };
		C802D5202BF0D60700900D07 /* addPeople.swift */ = {isa = PBXFileReference; lastKnownFileType = sourcecode.swift; path = addPeople.swift; sourceTree = "<group>"; };
		C802D5232BF0DB1E00900D07 /* bellview.swift */ = {isa = PBXFileReference; lastKnownFileType = sourcecode.swift; path = bellview.swift; sourceTree = "<group>"; };
		C802D5422BF0F0B500900D07 /* forgetpassword.swift */ = {isa = PBXFileReference; lastKnownFileType = sourcecode.swift; path = forgetpassword.swift; sourceTree = "<group>"; };
		C802D5442BF1130700900D07 /* restpass.swift */ = {isa = PBXFileReference; lastKnownFileType = sourcecode.swift; path = restpass.swift; sourceTree = "<group>"; };
		C802D5482BF11C0C00900D07 /* GoogleService-Info.plist */ = {isa = PBXFileReference; fileEncoding = 4; lastKnownFileType = text.plist.xml; path = "GoogleService-Info.plist"; sourceTree = "<group>"; };
		C8036D812BD3171000FB01F1 /* sql.swift */ = {isa = PBXFileReference; lastKnownFileType = sourcecode.swift; path = sql.swift; sourceTree = "<group>"; };
		C82001DF2BCD0F5F0039C4D6 /* home.swift */ = {isa = PBXFileReference; lastKnownFileType = sourcecode.swift; path = home.swift; sourceTree = "<group>"; };
		C82001E12BCD0F750039C4D6 /* secound.swift */ = {isa = PBXFileReference; lastKnownFileType = sourcecode.swift; path = secound.swift; sourceTree = "<group>"; };
		C82880C62BBEC1A500D37E02 /* AccountsBookS.app */ = {isa = PBXFileReference; explicitFileType = wrapper.application; includeInIndex = 0; path = AccountsBookS.app; sourceTree = BUILT_PRODUCTS_DIR; };
		C82880C92BBEC1A500D37E02 /* AccountsBookSApp.swift */ = {isa = PBXFileReference; lastKnownFileType = sourcecode.swift; path = AccountsBookSApp.swift; sourceTree = "<group>"; };
		C82880CB2BBEC1A500D37E02 /* ContentView.swift */ = {isa = PBXFileReference; lastKnownFileType = sourcecode.swift; path = ContentView.swift; sourceTree = "<group>"; };
		C82880CD2BBEC1A600D37E02 /* Assets.xcassets */ = {isa = PBXFileReference; lastKnownFileType = folder.assetcatalog; path = Assets.xcassets; sourceTree = "<group>"; };
		C82880D02BBEC1A600D37E02 /* Preview Assets.xcassets */ = {isa = PBXFileReference; lastKnownFileType = folder.assetcatalog; path = "Preview Assets.xcassets"; sourceTree = "<group>"; };
		C82880D92BBEC1F600D37E02 /* logIN.swift */ = {isa = PBXFileReference; lastKnownFileType = sourcecode.swift; path = logIN.swift; sourceTree = "<group>"; };
		C82880DB2BBEC20100D37E02 /* createAccount.swift */ = {isa = PBXFileReference; lastKnownFileType = sourcecode.swift; path = createAccount.swift; sourceTree = "<group>"; };
		C82880DD2BBEC21000D37E02 /* Profile.swift */ = {isa = PBXFileReference; lastKnownFileType = sourcecode.swift; path = Profile.swift; sourceTree = "<group>"; };
		C82880E02BBEC23500D37E02 /* user.swift */ = {isa = PBXFileReference; lastKnownFileType = sourcecode.swift; path = user.swift; sourceTree = "<group>"; };
		C82880E32BBEC25D00D37E02 /* icon.swift */ = {isa = PBXFileReference; lastKnownFileType = sourcecode.swift; path = icon.swift; sourceTree = "<group>"; };
		C82880E52BBEC27100D37E02 /* SittingLabels.swift */ = {isa = PBXFileReference; lastKnownFileType = sourcecode.swift; path = SittingLabels.swift; sourceTree = "<group>"; };
		C82880E72BBEC27C00D37E02 /* TextInput.swift */ = {isa = PBXFileReference; lastKnownFileType = sourcecode.swift; path = TextInput.swift; sourceTree = "<group>"; };
		C82880EA2BBEC2DF00D37E02 /* Authuntication.swift */ = {isa = PBXFileReference; lastKnownFileType = sourcecode.swift; path = Authuntication.swift; sourceTree = "<group>"; };
/* End PBXFileReference section */

/* Begin PBXFrameworksBuildPhase section */
		C82880C32BBEC1A500D37E02 /* Frameworks */ = {
			isa = PBXFrameworksBuildPhase;
			buildActionMask = 2147483647;
			files = (
				C8036D802BD316D300FB01F1 /* SQLite in Frameworks */,
				C82880FA2BBECA9500D37E02 /* FirebaseDatabaseSwift in Frameworks */,
				C82880F82BBECA9500D37E02 /* FirebaseDatabase in Frameworks */,
				C82881002BBECA9500D37E02 /* FirebaseStorage in Frameworks */,
				C82880F22BBECA9500D37E02 /* FirebaseAnalyticsSwift in Frameworks */,
				C82880F42BBECA9500D37E02 /* FirebaseAppCheck in Frameworks */,
				C82880F02BBECA9500D37E02 /* FirebaseAnalytics in Frameworks */,
				C82880F62BBECA9500D37E02 /* FirebaseAuth in Frameworks */,
				C82880FC2BBECA9500D37E02 /* FirebaseFirestore in Frameworks */,
				C82880FE2BBECA9500D37E02 /* FirebaseFirestoreSwift in Frameworks */,
			);
			runOnlyForDeploymentPostprocessing = 0;
		};
/* End PBXFrameworksBuildPhase section */

/* Begin PBXGroup section */
		C802D5132BF026D500900D07 /* profileviews */ = {
			isa = PBXGroup;
			children = (
				C82880DD2BBEC21000D37E02 /* Profile.swift */,
			);
			path = profileviews;
			sourceTree = "<group>";
		};
		C802D5162BF0D01500900D07 /* loginAndRegister */ = {
			isa = PBXGroup;
			children = (
				C82880DB2BBEC20100D37E02 /* createAccount.swift */,
				C82880D92BBEC1F600D37E02 /* logIN.swift */,
				C802D5422BF0F0B500900D07 /* forgetpassword.swift */,
				C802D5442BF1130700900D07 /* restpass.swift */,
			);
			path = loginAndRegister;
			sourceTree = "<group>";
		};
		C802D5172BF0D1C400900D07 /* edit */ = {
			isa = PBXGroup;
			children = (
				C802D5182BF0D1DC00900D07 /* edit.swift */,
			);
			path = edit;
			sourceTree = "<group>";
		};
		C802D51C2BF0D4A600900D07 /* mainview */ = {
			isa = PBXGroup;
			children = (
				C802D51D2BF0D55600900D07 /* mainview.swift */,
			);
			path = mainview;
			sourceTree = "<group>";
		};
		C802D51F2BF0D5D600900D07 /* peopleView */ = {
			isa = PBXGroup;
			children = (
				C802D5202BF0D60700900D07 /* addPeople.swift */,
			);
			path = peopleView;
			sourceTree = "<group>";
		};
		C802D5222BF0D74F00900D07 /* bellview */ = {
			isa = PBXGroup;
			children = (
				C802D5232BF0DB1E00900D07 /* bellview.swift */,
			);
			path = bellview;
			sourceTree = "<group>";
		};
		C82880BD2BBEC1A500D37E02 = {
			isa = PBXGroup;
			children = (
				C82880C82BBEC1A500D37E02 /* AccountsBookS */,
				C82880C72BBEC1A500D37E02 /* Products */,
			);
			sourceTree = "<group>";
		};
		C82880C72BBEC1A500D37E02 /* Products */ = {
			isa = PBXGroup;
			children = (
				C82880C62BBEC1A500D37E02 /* AccountsBookS.app */,
			);
			name = Products;
			sourceTree = "<group>";
		};
		C82880C82BBEC1A500D37E02 /* AccountsBookS */ = {
			isa = PBXGroup;
			children = (
				C802D5482BF11C0C00900D07 /* GoogleService-Info.plist */,
				C802D5222BF0D74F00900D07 /* bellview */,
				C802D51F2BF0D5D600900D07 /* peopleView */,
				C802D51C2BF0D4A600900D07 /* mainview */,
				C802D5172BF0D1C400900D07 /* edit */,
				C802D5162BF0D01500900D07 /* loginAndRegister */,
				C802D5132BF026D500900D07 /* profileviews */,
				C82880E22BBEC24F00D37E02 /* compunnets */,
				C82880DF2BBEC22400D37E02 /* Models */,
				C82880D72BBEC1BE00D37E02 /* Autentication */,
				C82880C92BBEC1A500D37E02 /* AccountsBookSApp.swift */,
				C82880CB2BBEC1A500D37E02 /* ContentView.swift */,
				C82880CD2BBEC1A600D37E02 /* Assets.xcassets */,
				C82880CF2BBEC1A600D37E02 /* Preview Content */,
			);
			path = AccountsBookS;
			sourceTree = "<group>";
		};
		C82880CF2BBEC1A600D37E02 /* Preview Content */ = {
			isa = PBXGroup;
			children = (
				C82880D02BBEC1A600D37E02 /* Preview Assets.xcassets */,
			);
			path = "Preview Content";
			sourceTree = "<group>";
		};
		C82880D72BBEC1BE00D37E02 /* Autentication */ = {
			isa = PBXGroup;
			children = (
				C82880E92BBEC2C500D37E02 /* authnticationViewNodel */,
				C82880D82BBEC1DC00D37E02 /* appPages */,
			);
			path = Autentication;
			sourceTree = "<group>";
		};
		C82880D82BBEC1DC00D37E02 /* appPages */ = {
			isa = PBXGroup;
			children = (
				C82001DF2BCD0F5F0039C4D6 /* home.swift */,
				C82001E12BCD0F750039C4D6 /* secound.swift */,
			);
			path = appPages;
			sourceTree = "<group>";
		};
		C82880DF2BBEC22400D37E02 /* Models */ = {
			isa = PBXGroup;
			children = (
				C82880E02BBEC23500D37E02 /* user.swift */,
			);
			path = Models;
			sourceTree = "<group>";
		};
		C82880E22BBEC24F00D37E02 /* compunnets */ = {
			isa = PBXGroup;
			children = (
				C82880E32BBEC25D00D37E02 /* icon.swift */,
				C82880E52BBEC27100D37E02 /* SittingLabels.swift */,
				C82880E72BBEC27C00D37E02 /* TextInput.swift */,
			);
			path = compunnets;
			sourceTree = "<group>";
		};
		C82880E92BBEC2C500D37E02 /* authnticationViewNodel */ = {
			isa = PBXGroup;
			children = (
				C82880EA2BBEC2DF00D37E02 /* Authuntication.swift */,
				C8036D812BD3171000FB01F1 /* sql.swift */,
			);
			path = authnticationViewNodel;
			sourceTree = "<group>";
		};
/* End PBXGroup section */

/* Begin PBXNativeTarget section */
		C82880C52BBEC1A500D37E02 /* AccountsBookS */ = {
			isa = PBXNativeTarget;
			buildConfigurationList = C82880D42BBEC1A600D37E02 /* Build configuration list for PBXNativeTarget "AccountsBookS" */;
			buildPhases = (
				C82880C22BBEC1A500D37E02 /* Sources */,
				C82880C32BBEC1A500D37E02 /* Frameworks */,
				C82880C42BBEC1A500D37E02 /* Resources */,
			);
			buildRules = (
			);
			dependencies = (
			);
			name = AccountsBookS;
			packageProductDependencies = (
				C82880EF2BBECA9500D37E02 /* FirebaseAnalytics */,
				C82880F12BBECA9500D37E02 /* FirebaseAnalyticsSwift */,
				C82880F32BBECA9500D37E02 /* FirebaseAppCheck */,
				C82880F52BBECA9500D37E02 /* FirebaseAuth */,
				C82880F72BBECA9500D37E02 /* FirebaseDatabase */,
				C82880F92BBECA9500D37E02 /* FirebaseDatabaseSwift */,
				C82880FB2BBECA9500D37E02 /* FirebaseFirestore */,
				C82880FD2BBECA9500D37E02 /* FirebaseFirestoreSwift */,
				C82880FF2BBECA9500D37E02 /* FirebaseStorage */,
				C8036D7F2BD316D300FB01F1 /* SQLite */,
			);
			productName = AccountsBookS;
			productReference = C82880C62BBEC1A500D37E02 /* AccountsBookS.app */;
			productType = "com.apple.product-type.application";
		};
/* End PBXNativeTarget section */

/* Begin PBXProject section */
		C82880BE2BBEC1A500D37E02 /* Project object */ = {
			isa = PBXProject;
			attributes = {
				BuildIndependentTargetsInParallel = 1;
				LastSwiftUpdateCheck = 1530;
				LastUpgradeCheck = 1530;
				TargetAttributes = {
					C82880C52BBEC1A500D37E02 = {
						CreatedOnToolsVersion = 15.3;
					};
				};
			};
			buildConfigurationList = C82880C12BBEC1A500D37E02 /* Build configuration list for PBXProject "AccountsBookS" */;
			compatibilityVersion = "Xcode 14.0";
			developmentRegion = en;
			hasScannedForEncodings = 0;
			knownRegions = (
				en,
				Base,
			);
			mainGroup = C82880BD2BBEC1A500D37E02;
			packageReferences = (
				C82880EE2BBECA9500D37E02 /* XCRemoteSwiftPackageReference "firebase-ios-sdk" */,
				C8036D7E2BD316D300FB01F1 /* XCRemoteSwiftPackageReference "SQLite" */,
			);
			productRefGroup = C82880C72BBEC1A500D37E02 /* Products */;
			projectDirPath = "";
			projectRoot = "";
			targets = (
				C82880C52BBEC1A500D37E02 /* AccountsBookS */,
			);
		};
/* End PBXProject section */

/* Begin PBXResourcesBuildPhase section */
		C82880C42BBEC1A500D37E02 /* Resources */ = {
			isa = PBXResourcesBuildPhase;
			buildActionMask = 2147483647;
			files = (
				C82880D12BBEC1A600D37E02 /* Preview Assets.xcassets in Resources */,
				C82880CE2BBEC1A600D37E02 /* Assets.xcassets in Resources */,
				C802D5492BF11C0C00900D07 /* GoogleService-Info.plist in Resources */,
			);
			runOnlyForDeploymentPostprocessing = 0;
		};
/* End PBXResourcesBuildPhase section */

/* Begin PBXSourcesBuildPhase section */
		C82880C22BBEC1A500D37E02 /* Sources */ = {
			isa = PBXSourcesBuildPhase;
			buildActionMask = 2147483647;
			files = (
				C82880DA2BBEC1F600D37E02 /* logIN.swift in Sources */,
				C82880DE2BBEC21000D37E02 /* Profile.swift in Sources */,
				C82880E12BBEC23500D37E02 /* user.swift in Sources */,
				C82880E62BBEC27100D37E02 /* SittingLabels.swift in Sources */,
				C802D5192BF0D1DC00900D07 /* edit.swift in Sources */,
				C82880CC2BBEC1A500D37E02 /* ContentView.swift in Sources */,
				C82880E82BBEC27C00D37E02 /* TextInput.swift in Sources */,
				C82001E02BCD0F5F0039C4D6 /* home.swift in Sources */,
				C802D5452BF1130700900D07 /* restpass.swift in Sources */,
				C802D5212BF0D60700900D07 /* addPeople.swift in Sources */,
				C82880CA2BBEC1A500D37E02 /* AccountsBookSApp.swift in Sources */,
				C82880EB2BBEC2DF00D37E02 /* Authuntication.swift in Sources */,
				C82880E42BBEC25D00D37E02 /* icon.swift in Sources */,
				C802D51E2BF0D55600900D07 /* mainview.swift in Sources */,
				C802D5242BF0DB1E00900D07 /* bellview.swift in Sources */,
				C82880DC2BBEC20100D37E02 /* createAccount.swift in Sources */,
				C802D5432BF0F0B500900D07 /* forgetpassword.swift in Sources */,
				C8036D822BD3171000FB01F1 /* sql.swift in Sources */,
				C82001E22BCD0F750039C4D6 /* secound.swift in Sources */,
			);
			runOnlyForDeploymentPostprocessing = 0;
		};
/* End PBXSourcesBuildPhase section */

/* Begin XCBuildConfiguration section */
		C82880D22BBEC1A600D37E02 /* Debug */ = {
			isa = XCBuildConfiguration;
			buildSettings = {
				ALWAYS_SEARCH_USER_PATHS = NO;
				ASSETCATALOG_COMPILER_GENERATE_SWIFT_ASSET_SYMBOL_EXTENSIONS = YES;
				CLANG_ANALYZER_NONNULL = YES;
				CLANG_ANALYZER_NUMBER_OBJECT_CONVERSION = YES_AGGRESSIVE;
				CLANG_CXX_LANGUAGE_STANDARD = "gnu++20";
				CLANG_ENABLE_MODULES = YES;
				CLANG_ENABLE_OBJC_ARC = YES;
				CLANG_ENABLE_OBJC_WEAK = YES;
				CLANG_WARN_BLOCK_CAPTURE_AUTORELEASING = YES;
				CLANG_WARN_BOOL_CONVERSION = YES;
				CLANG_WARN_COMMA = YES;
				CLANG_WARN_CONSTANT_CONVERSION = YES;
				CLANG_WARN_DEPRECATED_OBJC_IMPLEMENTATIONS = YES;
				CLANG_WARN_DIRECT_OBJC_ISA_USAGE = YES_ERROR;
				CLANG_WARN_DOCUMENTATION_COMMENTS = YES;
				CLANG_WARN_EMPTY_BODY = YES;
				CLANG_WARN_ENUM_CONVERSION = YES;
				CLANG_WARN_INFINITE_RECURSION = YES;
				CLANG_WARN_INT_CONVERSION = YES;
				CLANG_WARN_NON_LITERAL_NULL_CONVERSION = YES;
				CLANG_WARN_OBJC_IMPLICIT_RETAIN_SELF = YES;
				CLANG_WARN_OBJC_LITERAL_CONVERSION = YES;
				CLANG_WARN_OBJC_ROOT_CLASS = YES_ERROR;
				CLANG_WARN_QUOTED_INCLUDE_IN_FRAMEWORK_HEADER = YES;
				CLANG_WARN_RANGE_LOOP_ANALYSIS = YES;
				CLANG_WARN_STRICT_PROTOTYPES = YES;
				CLANG_WARN_SUSPICIOUS_MOVE = YES;
				CLANG_WARN_UNGUARDED_AVAILABILITY = YES_AGGRESSIVE;
				CLANG_WARN_UNREACHABLE_CODE = YES;
				CLANG_WARN__DUPLICATE_METHOD_MATCH = YES;
				COPY_PHASE_STRIP = NO;
				DEBUG_INFORMATION_FORMAT = dwarf;
				ENABLE_STRICT_OBJC_MSGSEND = YES;
				ENABLE_TESTABILITY = YES;
				ENABLE_USER_SCRIPT_SANDBOXING = YES;
				GCC_C_LANGUAGE_STANDARD = gnu17;
				GCC_DYNAMIC_NO_PIC = NO;
				GCC_NO_COMMON_BLOCKS = YES;
				GCC_OPTIMIZATION_LEVEL = 0;
				GCC_PREPROCESSOR_DEFINITIONS = (
					"DEBUG=1",
					"$(inherited)",
				);
				GCC_WARN_64_TO_32_BIT_CONVERSION = YES;
				GCC_WARN_ABOUT_RETURN_TYPE = YES_ERROR;
				GCC_WARN_UNDECLARED_SELECTOR = YES;
				GCC_WARN_UNINITIALIZED_AUTOS = YES_AGGRESSIVE;
				GCC_WARN_UNUSED_FUNCTION = YES;
				GCC_WARN_UNUSED_VARIABLE = YES;
				IPHONEOS_DEPLOYMENT_TARGET = 17.4;
				LOCALIZATION_PREFERS_STRING_CATALOGS = YES;
				MTL_ENABLE_DEBUG_INFO = INCLUDE_SOURCE;
				MTL_FAST_MATH = YES;
				ONLY_ACTIVE_ARCH = YES;
				SDKROOT = iphoneos;
				SWIFT_ACTIVE_COMPILATION_CONDITIONS = "DEBUG $(inherited)";
				SWIFT_OPTIMIZATION_LEVEL = "-Onone";
			};
			name = Debug;
		};
		C82880D32BBEC1A600D37E02 /* Release */ = {
			isa = XCBuildConfiguration;
			buildSettings = {
				ALWAYS_SEARCH_USER_PATHS = NO;
				ASSETCATALOG_COMPILER_GENERATE_SWIFT_ASSET_SYMBOL_EXTENSIONS = YES;
				CLANG_ANALYZER_NONNULL = YES;
				CLANG_ANALYZER_NUMBER_OBJECT_CONVERSION = YES_AGGRESSIVE;
				CLANG_CXX_LANGUAGE_STANDARD = "gnu++20";
				CLANG_ENABLE_MODULES = YES;
				CLANG_ENABLE_OBJC_ARC = YES;
				CLANG_ENABLE_OBJC_WEAK = YES;
				CLANG_WARN_BLOCK_CAPTURE_AUTORELEASING = YES;
				CLANG_WARN_BOOL_CONVERSION = YES;
				CLANG_WARN_COMMA = YES;
				CLANG_WARN_CONSTANT_CONVERSION = YES;
				CLANG_WARN_DEPRECATED_OBJC_IMPLEMENTATIONS = YES;
				CLANG_WARN_DIRECT_OBJC_ISA_USAGE = YES_ERROR;
				CLANG_WARN_DOCUMENTATION_COMMENTS = YES;
				CLANG_WARN_EMPTY_BODY = YES;
				CLANG_WARN_ENUM_CONVERSION = YES;
				CLANG_WARN_INFINITE_RECURSION = YES;
				CLANG_WARN_INT_CONVERSION = YES;
				CLANG_WARN_NON_LITERAL_NULL_CONVERSION = YES;
				CLANG_WARN_OBJC_IMPLICIT_RETAIN_SELF = YES;
				CLANG_WARN_OBJC_LITERAL_CONVERSION = YES;
				CLANG_WARN_OBJC_ROOT_CLASS = YES_ERROR;
				CLANG_WARN_QUOTED_INCLUDE_IN_FRAMEWORK_HEADER = YES;
				CLANG_WARN_RANGE_LOOP_ANALYSIS = YES;
				CLANG_WARN_STRICT_PROTOTYPES = YES;
				CLANG_WARN_SUSPICIOUS_MOVE = YES;
				CLANG_WARN_UNGUARDED_AVAILABILITY = YES_AGGRESSIVE;
				CLANG_WARN_UNREACHABLE_CODE = YES;
				CLANG_WARN__DUPLICATE_METHOD_MATCH = YES;
				COPY_PHASE_STRIP = NO;
				DEBUG_INFORMATION_FORMAT = "dwarf-with-dsym";
				ENABLE_NS_ASSERTIONS = NO;
				ENABLE_STRICT_OBJC_MSGSEND = YES;
				ENABLE_USER_SCRIPT_SANDBOXING = YES;
				GCC_C_LANGUAGE_STANDARD = gnu17;
				GCC_NO_COMMON_BLOCKS = YES;
				GCC_WARN_64_TO_32_BIT_CONVERSION = YES;
				GCC_WARN_ABOUT_RETURN_TYPE = YES_ERROR;
				GCC_WARN_UNDECLARED_SELECTOR = YES;
				GCC_WARN_UNINITIALIZED_AUTOS = YES_AGGRESSIVE;
				GCC_WARN_UNUSED_FUNCTION = YES;
				GCC_WARN_UNUSED_VARIABLE = YES;
				IPHONEOS_DEPLOYMENT_TARGET = 17.4;
				LOCALIZATION_PREFERS_STRING_CATALOGS = YES;
				MTL_ENABLE_DEBUG_INFO = NO;
				MTL_FAST_MATH = YES;
				SDKROOT = iphoneos;
				SWIFT_COMPILATION_MODE = wholemodule;
				VALIDATE_PRODUCT = YES;
			};
			name = Release;
		};
		C82880D52BBEC1A600D37E02 /* Debug */ = {
			isa = XCBuildConfiguration;
			buildSettings = {
				ASSETCATALOG_COMPILER_APPICON_NAME = AppIcon;
				ASSETCATALOG_COMPILER_GLOBAL_ACCENT_COLOR_NAME = AccentColor;
				CODE_SIGN_STYLE = Automatic;
				CURRENT_PROJECT_VERSION = 1;
				DEVELOPMENT_ASSET_PATHS = "\"AccountsBookS/Preview Content\"";
				DEVELOPMENT_TEAM = BPX4S6374Y;
				ENABLE_PREVIEWS = YES;
				GENERATE_INFOPLIST_FILE = YES;
				INFOPLIST_KEY_UIApplicationSceneManifest_Generation = YES;
				INFOPLIST_KEY_UIApplicationSupportsIndirectInputEvents = YES;
				INFOPLIST_KEY_UILaunchScreen_Generation = YES;
				INFOPLIST_KEY_UISupportedInterfaceOrientations_iPad = "UIInterfaceOrientationPortrait UIInterfaceOrientationPortraitUpsideDown UIInterfaceOrientationLandscapeLeft UIInterfaceOrientationLandscapeRight";
				INFOPLIST_KEY_UISupportedInterfaceOrientations_iPhone = "UIInterfaceOrientationPortrait UIInterfaceOrientationLandscapeLeft UIInterfaceOrientationLandscapeRight";
				LD_RUNPATH_SEARCH_PATHS = (
					"$(inherited)",
					"@executable_path/Frameworks",
				);
				MARKETING_VERSION = 1.0;
				PRODUCT_BUNDLE_IDENTIFIER = sysbr.AccountsBookSs1;
				PRODUCT_NAME = "$(TARGET_NAME)";
				SWIFT_EMIT_LOC_STRINGS = YES;
				SWIFT_VERSION = 5.0;
				TARGETED_DEVICE_FAMILY = "1,2";
			};
			name = Debug;
		};
		C82880D62BBEC1A600D37E02 /* Release */ = {
			isa = XCBuildConfiguration;
			buildSettings = {
				ASSETCATALOG_COMPILER_APPICON_NAME = AppIcon;
				ASSETCATALOG_COMPILER_GLOBAL_ACCENT_COLOR_NAME = AccentColor;
				CODE_SIGN_STYLE = Automatic;
				CURRENT_PROJECT_VERSION = 1;
				DEVELOPMENT_ASSET_PATHS = "\"AccountsBookS/Preview Content\"";
				DEVELOPMENT_TEAM = BPX4S6374Y;
				ENABLE_PREVIEWS = YES;
				GENERATE_INFOPLIST_FILE = YES;
				INFOPLIST_KEY_UIApplicationSceneManifest_Generation = YES;
				INFOPLIST_KEY_UIApplicationSupportsIndirectInputEvents = YES;
				INFOPLIST_KEY_UILaunchScreen_Generation = YES;
				INFOPLIST_KEY_UISupportedInterfaceOrientations_iPad = "UIInterfaceOrientationPortrait UIInterfaceOrientationPortraitUpsideDown UIInterfaceOrientationLandscapeLeft UIInterfaceOrientationLandscapeRight";
				INFOPLIST_KEY_UISupportedInterfaceOrientations_iPhone = "UIInterfaceOrientationPortrait UIInterfaceOrientationLandscapeLeft UIInterfaceOrientationLandscapeRight";
				LD_RUNPATH_SEARCH_PATHS = (
					"$(inherited)",
					"@executable_path/Frameworks",
				);
				MARKETING_VERSION = 1.0;
				PRODUCT_BUNDLE_IDENTIFIER = sysbr.AccountsBookSs1;
				PRODUCT_NAME = "$(TARGET_NAME)";
				SWIFT_EMIT_LOC_STRINGS = YES;
				SWIFT_VERSION = 5.0;
				TARGETED_DEVICE_FAMILY = "1,2";
			};
			name = Release;
		};
/* End XCBuildConfiguration section */

/* Begin XCConfigurationList section */
		C82880C12BBEC1A500D37E02 /* Build configuration list for PBXProject "AccountsBookS" */ = {
			isa = XCConfigurationList;
			buildConfigurations = (
				C82880D22BBEC1A600D37E02 /* Debug */,
				C82880D32BBEC1A600D37E02 /* Release */,
			);
			defaultConfigurationIsVisible = 0;
			defaultConfigurationName = Release;
		};
		C82880D42BBEC1A600D37E02 /* Build configuration list for PBXNativeTarget "AccountsBookS" */ = {
			isa = XCConfigurationList;
			buildConfigurations = (
				C82880D52BBEC1A600D37E02 /* Debug */,
				C82880D62BBEC1A600D37E02 /* Release */,
			);
			defaultConfigurationIsVisible = 0;
			defaultConfigurationName = Release;
		};
/* End XCConfigurationList section */

/* Begin XCRemoteSwiftPackageReference section */
		C8036D7E2BD316D300FB01F1 /* XCRemoteSwiftPackageReference "SQLite" */ = {
			isa = XCRemoteSwiftPackageReference;
			repositoryURL = "https://github.com/stephencelis/SQLite.swift";
			requirement = {
				kind = upToNextMajorVersion;
				minimumVersion = 0.15.3;
			};
		};
		C82880EE2BBECA9500D37E02 /* XCRemoteSwiftPackageReference "firebase-ios-sdk" */ = {
			isa = XCRemoteSwiftPackageReference;
			repositoryURL = "https://github.com/firebase/firebase-ios-sdk";
			requirement = {
				kind = upToNextMajorVersion;
				minimumVersion = 10.23.1;
			};
		};
/* End XCRemoteSwiftPackageReference section */

/* Begin XCSwiftPackageProductDependency section */
		C8036D7F2BD316D300FB01F1 /* SQLite */ = {
			isa = XCSwiftPackageProductDependency;
			package = C8036D7E2BD316D300FB01F1 /* XCRemoteSwiftPackageReference "SQLite" */;
			productName = SQLite;
		};
		C82880EF2BBECA9500D37E02 /* FirebaseAnalytics */ = {
			isa = XCSwiftPackageProductDependency;
			package = C82880EE2BBECA9500D37E02 /* XCRemoteSwiftPackageReference "firebase-ios-sdk" */;
			productName = FirebaseAnalytics;
		};
		C82880F12BBECA9500D37E02 /* FirebaseAnalyticsSwift */ = {
			isa = XCSwiftPackageProductDependency;
			package = C82880EE2BBECA9500D37E02 /* XCRemoteSwiftPackageReference "firebase-ios-sdk" */;
			productName = FirebaseAnalyticsSwift;
		};
		C82880F32BBECA9500D37E02 /* FirebaseAppCheck */ = {
			isa = XCSwiftPackageProductDependency;
			package = C82880EE2BBECA9500D37E02 /* XCRemoteSwiftPackageReference "firebase-ios-sdk" */;
			productName = FirebaseAppCheck;
		};
		C82880F52BBECA9500D37E02 /* FirebaseAuth */ = {
			isa = XCSwiftPackageProductDependency;
			package = C82880EE2BBECA9500D37E02 /* XCRemoteSwiftPackageReference "firebase-ios-sdk" */;
			productName = FirebaseAuth;
		};
		C82880F72BBECA9500D37E02 /* FirebaseDatabase */ = {
			isa = XCSwiftPackageProductDependency;
			package = C82880EE2BBECA9500D37E02 /* XCRemoteSwiftPackageReference "firebase-ios-sdk" */;
			productName = FirebaseDatabase;
		};
		C82880F92BBECA9500D37E02 /* FirebaseDatabaseSwift */ = {
			isa = XCSwiftPackageProductDependency;
			package = C82880EE2BBECA9500D37E02 /* XCRemoteSwiftPackageReference "firebase-ios-sdk" */;
			productName = FirebaseDatabaseSwift;
		};
		C82880FB2BBECA9500D37E02 /* FirebaseFirestore */ = {
			isa = XCSwiftPackageProductDependency;
			package = C82880EE2BBECA9500D37E02 /* XCRemoteSwiftPackageReference "firebase-ios-sdk" */;
			productName = FirebaseFirestore;
		};
		C82880FD2BBECA9500D37E02 /* FirebaseFirestoreSwift */ = {
			isa = XCSwiftPackageProductDependency;
			package = C82880EE2BBECA9500D37E02 /* XCRemoteSwiftPackageReference "firebase-ios-sdk" */;
			productName = FirebaseFirestoreSwift;
		};
		C82880FF2BBECA9500D37E02 /* FirebaseStorage */ = {
			isa = XCSwiftPackageProductDependency;
			package = C82880EE2BBECA9500D37E02 /* XCRemoteSwiftPackageReference "firebase-ios-sdk" */;
			productName = FirebaseStorage;
		};
/* End XCSwiftPackageProductDependency section */
	};
	rootObject = C82880BE2BBEC1A500D37E02 /* Project object */;
}
